PODS:
  - Alamofire (4.8.2)
  - AlamofireNetworkActivityLogger (2.4.0):
    - Alamofire (~> 4.8)
  - AppCenter (1.14.0):
    - AppCenter/Analytics (= 1.14.0)
    - AppCenter/Crashes (= 1.14.0)
  - AppCenter/Analytics (1.14.0):
    - AppCenter/Core
  - AppCenter/Core (1.14.0)
  - AppCenter/Crashes (1.14.0):
    - AppCenter/Core
  - Cuckoo (0.12.1)
  - KeychainSwift (10.0.0)
  - LightRoute (2.1.20)
  - RxAlamofire (4.4.1):
    - RxAlamofire/Core (= 4.4.1)
  - RxAlamofire/Core (4.4.1):
    - Alamofire (~> 4.8)
    - RxSwift (~> 4.5)
  - RxBlocking (4.5.0):
    - RxSwift (>= 4.4.2, ~> 4.4)
  - RxSwift (4.5.0)
  - RxTest (4.5.0):
    - RxSwift (>= 4.4.2, ~> 4.4)
  - SDWebImage (4.4.6):
    - SDWebImage/Core (= 4.4.6)
  - SDWebImage/Core (4.4.6)
  - SideMenu (5.0.3)
  - SINQ (0.7.0)
  - STT (1.1.11):
    - Alamofire (~> 4.7)
    - KeychainSwift (~> 10.0)
    - RxAlamofire
    - RxSwift (~> 4.0)
    - TinyConstraints
  - Swinject (2.6.0)
  - SwinjectStoryboard (2.2.0):
    - Swinject (~> 2.6)
  - TinyConstraints (4.0.0)

DEPENDENCIES:
  - AlamofireNetworkActivityLogger (~> 2.3)
  - AppCenter
  - Cuckoo
  - LightRoute (from `https://github.com/SpectralDragon/LightRoute.git`, tag `2.1.20`)
  - RxBlocking (~> 4.0)
  - RxTest (~> 4.0)
  - SDWebImage (~> 4.0)
  - SideMenu
  - SINQ
  - STT (from `../../STT/STT`)
  - Swinject
  - SwinjectStoryboard

SPEC REPOS:
  https://github.com/cocoapods/specs.git:
    - Alamofire
    - AlamofireNetworkActivityLogger
    - AppCenter
    - Cuckoo
    - KeychainSwift
    - RxAlamofire
    - RxBlocking
    - RxSwift
    - RxTest
    - SDWebImage
    - SideMenu
    - SINQ
    - Swinject
    - SwinjectStoryboard
    - TinyConstraints

EXTERNAL SOURCES:
  LightRoute:
    :git: https://github.com/SpectralDragon/LightRoute.git
    :tag: 2.1.20
  STT:
    :path: "../../STT/STT"

CHECKOUT OPTIONS:
  LightRoute:
    :git: https://github.com/SpectralDragon/LightRoute.git
    :tag: 2.1.20

SPEC CHECKSUMS:
  Alamofire: ae5c501addb7afdbb13687d7f2f722c78734c2d3
  AlamofireNetworkActivityLogger: 6d3398c692d2c5d83b0c58793537860aca1e383d
  AppCenter: 02c5efe08d3bbab5421ae41d5f7aa7238906b817
  Cuckoo: 2f10364798baa4b0d4aacabfa475249cf29977bc
  KeychainSwift: f9f7910449a0c0fd2cabc889121530dd2c477c33
  LightRoute: aa65803a1d984be3be83651b433699077bfe6ab3
  RxAlamofire: ed65f451f5a9a59419b0b9e705043dc01410edd9
  RxBlocking: 79413e4d916f44bb3e113c5b2cc059e36fe58910
  RxSwift: f172070dfd1a93d70a9ab97a5a01166206e1c575
  RxTest: 3ccb66bfbace0bf7df1c43a7c75d046f8ce60372
  SDWebImage: 3f3f0c02f09798048c47a5ed0a13f17b063572d8
  SideMenu: 1dcaabce84538c53325c287f7fe62999379a641c
  SINQ: 64cab7b7c73486da8f4442c25ccdd6ada7e67b95
  STT: 8a6409852efb118463e26377c8caeccdbb9e8440
  Swinject: 48a96cda93633cf2860697b4ce76ab5db9ebaca2
  SwinjectStoryboard: 32512ef16c2b0ff5b8f823b23539c4a50f6d3383
  TinyConstraints: 03bc091844b98c18dbaead8b1153242a42721b56

PODFILE CHECKSUM: a43308931420ea6602b0d89ee52a8ff290c590d8

COCOAPODS: 1.7.0.beta.3
